
Microsoft Visual Studio Solution File, Format Version 12.00
# Visual Studio 2012
Project("{FAE04EC0-301F-11D3-BF4B-00C04F79EFBC}") = "WixTest", "WixTest\WixTest.csproj", "{8D4209A9-11F2-4EFC-8221-1E5B89692486}"
EndProject
Project("{930C7802-8A8C-48F9-8165-68863BCCD9DD}") = "WixTestSetup", "WixTestSetup\WixTestSetup.wixproj", "{6EE3D6AB-939D-4318-A462-097733917C53}"
EndProject
Project("{930C7802-8A8C-48F9-8165-68863BCCD9DD}") = "WixTestSetup2", "WixTestSetup2\WixTestSetup2.wixproj", "{16117546-C0AA-40BC-AA5F-AAA48227834A}"
EndProject
Project("{FAE04EC0-301F-11D3-BF4B-00C04F79EFBC}") = "SayHelloExternal", "SayHelloExternal\SayHelloExternal.csproj", "{7A4A37BF-22B7-4ADD-B34C-0450CB95624C}"
EndProject
Global
	GlobalSection(SolutionConfigurationPlatforms) = preSolution
		Debug|Any CPU = Debug|Any CPU
		Debug|Mixed Platforms = Debug|Mixed Platforms
		Debug|x86 = Debug|x86
		Release|Any CPU = Release|Any CPU
		Release|Mixed Platforms = Release|Mixed Platforms
		Release|x86 = Release|x86
	EndGlobalSection
	GlobalSection(ProjectConfigurationPlatforms) = postSolution
		{8D4209A9-11F2-4EFC-8221-1E5B89692486}.Debug|Any CPU.ActiveCfg = Debug|Any CPU
		{8D4209A9-11F2-4EFC-8221-1E5B89692486}.Debug|Any CPU.Build.0 = Debug|Any CPU
		{8D4209A9-11F2-4EFC-8221-1E5B89692486}.Debug|Mixed Platforms.ActiveCfg = Debug|Any CPU
		{8D4209A9-11F2-4EFC-8221-1E5B89692486}.Debug|Mixed Platforms.Build.0 = Debug|Any CPU
		{8D4209A9-11F2-4EFC-8221-1E5B89692486}.Debug|x86.ActiveCfg = Debug|Any CPU
		{8D4209A9-11F2-4EFC-8221-1E5B89692486}.Release|Any CPU.ActiveCfg = Release|Any CPU
		{8D4209A9-11F2-4EFC-8221-1E5B89692486}.Release|Any CPU.Build.0 = Release|Any CPU
		{8D4209A9-11F2-4EFC-8221-1E5B89692486}.Release|Mixed Platforms.ActiveCfg = Release|Any CPU
		{8D4209A9-11F2-4EFC-8221-1E5B89692486}.Release|Mixed Platforms.Build.0 = Release|Any CPU
		{8D4209A9-11F2-4EFC-8221-1E5B89692486}.Release|x86.ActiveCfg = Release|Any CPU
		{6EE3D6AB-939D-4318-A462-097733917C53}.Debug|Any CPU.ActiveCfg = Debug|x86
		{6EE3D6AB-939D-4318-A462-097733917C53}.Debug|Mixed Platforms.ActiveCfg = Debug|x86
		{6EE3D6AB-939D-4318-A462-097733917C53}.Debug|Mixed Platforms.Build.0 = Debug|x86
		{6EE3D6AB-939D-4318-A462-097733917C53}.Debug|x86.ActiveCfg = Debug|x86
		{6EE3D6AB-939D-4318-A462-097733917C53}.Debug|x86.Build.0 = Debug|x86
		{6EE3D6AB-939D-4318-A462-097733917C53}.Release|Any CPU.ActiveCfg = Release|x86
		{6EE3D6AB-939D-4318-A462-097733917C53}.Release|Mixed Platforms.ActiveCfg = Release|x86
		{6EE3D6AB-939D-4318-A462-097733917C53}.Release|Mixed Platforms.Build.0 = Release|x86
		{6EE3D6AB-939D-4318-A462-097733917C53}.Release|x86.ActiveCfg = Release|x86
		{6EE3D6AB-939D-4318-A462-097733917C53}.Release|x86.Build.0 = Release|x86
		{16117546-C0AA-40BC-AA5F-AAA48227834A}.Debug|Any CPU.ActiveCfg = Debug|x86
		{16117546-C0AA-40BC-AA5F-AAA48227834A}.Debug|Mixed Platforms.ActiveCfg = Debug|x86
		{16117546-C0AA-40BC-AA5F-AAA48227834A}.Debug|Mixed Platforms.Build.0 = Debug|x86
		{16117546-C0AA-40BC-AA5F-AAA48227834A}.Debug|x86.ActiveCfg = Debug|x86
		{16117546-C0AA-40BC-AA5F-AAA48227834A}.Debug|x86.Build.0 = Debug|x86
		{16117546-C0AA-40BC-AA5F-AAA48227834A}.Release|Any CPU.ActiveCfg = Release|x86
		{16117546-C0AA-40BC-AA5F-AAA48227834A}.Release|Mixed Platforms.ActiveCfg = Release|x86
		{16117546-C0AA-40BC-AA5F-AAA48227834A}.Release|Mixed Platforms.Build.0 = Release|x86
		{16117546-C0AA-40BC-AA5F-AAA48227834A}.Release|x86.ActiveCfg = Release|x86
		{16117546-C0AA-40BC-AA5F-AAA48227834A}.Release|x86.Build.0 = Release|x86
		{7A4A37BF-22B7-4ADD-B34C-0450CB95624C}.Debug|Any CPU.ActiveCfg = Debug|Any CPU
		{7A4A37BF-22B7-4ADD-B34C-0450CB95624C}.Debug|Any CPU.Build.0 = Debug|Any CPU
		{7A4A37BF-22B7-4ADD-B34C-0450CB95624C}.Debug|Mixed Platforms.ActiveCfg = Debug|Any CPU
		{7A4A37BF-22B7-4ADD-B34C-0450CB95624C}.Debug|Mixed Platforms.Build.0 = Debug|Any CPU
		{7A4A37BF-22B7-4ADD-B34C-0450CB95624C}.Debug|x86.ActiveCfg = Debug|Any CPU
		{7A4A37BF-22B7-4ADD-B34C-0450CB95624C}.Release|Any CPU.ActiveCfg = Release|Any CPU
		{7A4A37BF-22B7-4ADD-B34C-0450CB95624C}.Release|Any CPU.Build.0 = Release|Any CPU
		{7A4A37BF-22B7-4ADD-B34C-0450CB95624C}.Release|Mixed Platforms.ActiveCfg = Release|Any CPU
		{7A4A37BF-22B7-4ADD-B34C-0450CB95624C}.Release|Mixed Platforms.Build.0 = Release|Any CPU
		{7A4A37BF-22B7-4ADD-B34C-0450CB95624C}.Release|x86.ActiveCfg = Release|Any CPU
	EndGlobalSection
	GlobalSection(SolutionProperties) = preSolution
		HideSolutionNode = FALSE
	EndGlobalSection
EndGlobal
